
Microsoft Visual Studio Solution File, Format Version 12.00
# Visual Studio Version 16
VisualStudioVersion = 16.0.32228.343
MinimumVisualStudioVersion = 10.0.40219.1
Project("{FAE04EC0-301F-11D3-BF4B-00C04F79EFBC}") = "tic-tac-toe", "tic-tac-toe\tic-tac-toe.csproj", "{5B244D47-7593-4478-A2B3-E56BCFDC3CEB}"
EndProject
Global
	GlobalSection(SolutionConfigurationPlatforms) = preSolution
		Debug|Any CPU = Debug|Any CPU
		Release|Any CPU = Release|Any CPU
	EndGlobalSection
	GlobalSection(ProjectConfigurationPlatforms) = postSolution
		{5B244D47-7593-4478-A2B3-E56BCFDC3CEB}.Debug|Any CPU.ActiveCfg = Debug|Any CPU
		{5B244D47-7593-4478-A2B3-E56BCFDC3CEB}.Debug|Any CPU.Build.0 = Debug|Any CPU
		{5B244D47-7593-4478-A2B3-E56BCFDC3CEB}.Release|Any CPU.ActiveCfg = Release|Any CPU
		{5B244D47-7593-4478-A2B3-E56BCFDC3CEB}.Release|Any CPU.Build.0 = Release|Any CPU
	EndGlobalSection
	GlobalSection(SolutionProperties) = preSolution
		HideSolutionNode = FALSE
	EndGlobalSection
	GlobalSection(ExtensibilityGlobals) = postSolution
		SolutionGuid = {6E4670AE-FB54-431A-9766-045BF91BD52E}
	EndGlobalSection
EndGlobal
